
Microsoft Visual Studio Solution File, Format Version 12.00
# Visual Studio Version 17
VisualStudioVersion = 17.1.32407.343
MinimumVisualStudioVersion = 10.0.40219.1
Project("{FAE04EC0-301F-11D3-BF4B-00C04F79EFBC}") = "Tela_Login", "Tela_Login\Tela_Login.csproj", "{227EA38C-7901-419C-B1A6-87266641CD88}"
EndProject
Global
	GlobalSection(SolutionConfigurationPlatforms) = preSolution
		Debug|Any CPU = Debug|Any CPU
		Release|Any CPU = Release|Any CPU
	EndGlobalSection
	GlobalSection(ProjectConfigurationPlatforms) = postSolution
		{227EA38C-7901-419C-B1A6-87266641CD88}.Debug|Any CPU.ActiveCfg = Debug|Any CPU
		{227EA38C-7901-419C-B1A6-87266641CD88}.Debug|Any CPU.Build.0 = Debug|Any CPU
		{227EA38C-7901-419C-B1A6-87266641CD88}.Release|Any CPU.ActiveCfg = Release|Any CPU
		{227EA38C-7901-419C-B1A6-87266641CD88}.Release|Any CPU.Build.0 = Release|Any CPU
	EndGlobalSection
	GlobalSection(SolutionProperties) = preSolution
		HideSolutionNode = FALSE
	EndGlobalSection
	GlobalSection(ExtensibilityGlobals) = postSolution
		SolutionGuid = {3C3611AD-28F6-4605-ACEC-C1589846C51B}
	EndGlobalSection
EndGlobal
